
Microsoft Visual Studio Solution File, Format Version 12.00
# Visual Studio 14
VisualStudioVersion = 14.0.25123.0
MinimumVisualStudioVersion = 10.0.40219.1
Project("{FAE04EC0-301F-11D3-BF4B-00C04F79EFBC}") = "MindWeb-v.2", "MindWeb-v.2\MindWeb-v.2.csproj", "{D1B79FEF-9E8C-42FF-AA92-910ED5315B56}"
EndProject
Project("{FAE04EC0-301F-11D3-BF4B-00C04F79EFBC}") = "MindWeb-v.2.Tests", "MindWeb-v.2.Tests\MindWeb-v.2.Tests.csproj", "{A72DF4C9-885B-42F1-B9C3-153DC0FC8F2F}"
EndProject
Global
	GlobalSection(SolutionConfigurationPlatforms) = preSolution
		Debug|Any CPU = Debug|Any CPU
		Release|Any CPU = Release|Any CPU
	EndGlobalSection
	GlobalSection(ProjectConfigurationPlatforms) = postSolution
		{D1B79FEF-9E8C-42FF-AA92-910ED5315B56}.Debug|Any CPU.ActiveCfg = Debug|Any CPU
		{D1B79FEF-9E8C-42FF-AA92-910ED5315B56}.Debug|Any CPU.Build.0 = Debug|Any CPU
		{D1B79FEF-9E8C-42FF-AA92-910ED5315B56}.Release|Any CPU.ActiveCfg = Release|Any CPU
		{D1B79FEF-9E8C-42FF-AA92-910ED5315B56}.Release|Any CPU.Build.0 = Release|Any CPU
		{A72DF4C9-885B-42F1-B9C3-153DC0FC8F2F}.Debug|Any CPU.ActiveCfg = Debug|Any CPU
		{A72DF4C9-885B-42F1-B9C3-153DC0FC8F2F}.Debug|Any CPU.Build.0 = Debug|Any CPU
		{A72DF4C9-885B-42F1-B9C3-153DC0FC8F2F}.Release|Any CPU.ActiveCfg = Release|Any CPU
		{A72DF4C9-885B-42F1-B9C3-153DC0FC8F2F}.Release|Any CPU.Build.0 = Release|Any CPU
	EndGlobalSection
	GlobalSection(SolutionProperties) = preSolution
		HideSolutionNode = FALSE
	EndGlobalSection
EndGlobal
